
Microsoft Visual Studio Solution File, Format Version 12.00
# Visual Studio Version 16
VisualStudioVersion = 16.0.30804.86
MinimumVisualStudioVersion = 10.0.40219.1
Project("{9A19103F-16F7-4668-BE54-9A1E7A4F7556}") = "RoadMarkingDetection", "RoadMarkingDetection\RoadMarkingDetection.csproj", "{37AC112B-7930-4A07-859A-79451B682FF5}"
EndProject
Project("{FAE04EC0-301F-11D3-BF4B-00C04F79EFBC}") = "Scorer", "Scorer\Scorer.csproj", "{BB4B1B83-73DF-45A6-8D81-7E78E4872421}"
EndProject
Global
	GlobalSection(SolutionConfigurationPlatforms) = preSolution
		Debug|Any CPU = Debug|Any CPU
		Release|Any CPU = Release|Any CPU
	EndGlobalSection
	GlobalSection(ProjectConfigurationPlatforms) = postSolution
		{37AC112B-7930-4A07-859A-79451B682FF5}.Debug|Any CPU.ActiveCfg = Debug|Any CPU
		{37AC112B-7930-4A07-859A-79451B682FF5}.Debug|Any CPU.Build.0 = Debug|Any CPU
		{37AC112B-7930-4A07-859A-79451B682FF5}.Release|Any CPU.ActiveCfg = Release|Any CPU
		{37AC112B-7930-4A07-859A-79451B682FF5}.Release|Any CPU.Build.0 = Release|Any CPU
		{BB4B1B83-73DF-45A6-8D81-7E78E4872421}.Debug|Any CPU.ActiveCfg = Debug|Any CPU
		{BB4B1B83-73DF-45A6-8D81-7E78E4872421}.Debug|Any CPU.Build.0 = Debug|Any CPU
		{BB4B1B83-73DF-45A6-8D81-7E78E4872421}.Release|Any CPU.ActiveCfg = Release|Any CPU
		{BB4B1B83-73DF-45A6-8D81-7E78E4872421}.Release|Any CPU.Build.0 = Release|Any CPU
	EndGlobalSection
	GlobalSection(SolutionProperties) = preSolution
		HideSolutionNode = FALSE
	EndGlobalSection
	GlobalSection(ExtensibilityGlobals) = postSolution
		SolutionGuid = {988B23C0-26DD-4CF2-9A5A-F70B2BB993F8}
	EndGlobalSection
EndGlobal
